
Microsoft Visual Studio Solution File, Format Version 12.00
# Visual Studio Version 17
VisualStudioVersion = 17.4.33213.308
MinimumVisualStudioVersion = 10.0.40219.1
Project("{FAE04EC0-301F-11D3-BF4B-00C04F79EFBC}") = "MatchGame", "MatchGame\MatchGame.csproj", "{280B9D57-1AD4-4FAD-9687-EE22B32671DB}"
EndProject
Global
	GlobalSection(SolutionConfigurationPlatforms) = preSolution
		Debug|Any CPU = Debug|Any CPU
		Release|Any CPU = Release|Any CPU
	EndGlobalSection
	GlobalSection(ProjectConfigurationPlatforms) = postSolution
		{280B9D57-1AD4-4FAD-9687-EE22B32671DB}.Debug|Any CPU.ActiveCfg = Debug|Any CPU
		{280B9D57-1AD4-4FAD-9687-EE22B32671DB}.Debug|Any CPU.Build.0 = Debug|Any CPU
		{280B9D57-1AD4-4FAD-9687-EE22B32671DB}.Release|Any CPU.ActiveCfg = Release|Any CPU
		{280B9D57-1AD4-4FAD-9687-EE22B32671DB}.Release|Any CPU.Build.0 = Release|Any CPU
	EndGlobalSection
	GlobalSection(SolutionProperties) = preSolution
		HideSolutionNode = FALSE
	EndGlobalSection
	GlobalSection(ExtensibilityGlobals) = postSolution
		SolutionGuid = {1712ACFE-ED51-4CD6-B2C6-C2501C0F2BAD}
	EndGlobalSection
EndGlobal
